# THIS IS AN AUTOGENERATED FILE. DO NOT EDIT THIS FILE DIRECTLY.
# yarn lockfile v1


"@mrseanbaines/prettier-config@^1.1.0":
  version "1.1.0"
  resolved "https://registry.yarnpkg.com/@mrseanbaines/prettier-config/-/prettier-config-1.1.0.tgz#91bbafd71e35e7316290caf4f53206cebe876779"
  integrity sha512-f/MEV8U3bpupqR4yg5dSoz97HcFHZ32fKZetFoWJ7duCgxLAAutzuQv9A2YZvcDSvXSddzcaitSUm7R8BzJcog==

prettier@^2.0.5:
  version "2.0.5"
  resolved "https://registry.yarnpkg.com/prettier/-/prettier-2.0.5.tgz#d6d56282455243f2f92cc1716692c08aa31522d4"
  integrity sha512-7PtVymN48hGcO4fGjybyBSIWDsLU4H4XlvOHfq91pz9kkGlonzwTfYkaIEwiRg/dAJF9YlbsduBAgtYLi+8cFg==
